{
  "name": "Vue",
  "version": "1.0.0",
  "lockfileVersion": 1,
  "requires": true,
  "dependencies": {
    "vue": {
      "version": "2.6.13",
      "resolved": "https://registry.npmjs.org/vue/-/vue-2.6.13.tgz",
      "integrity": "sha512-O+pAdJkce1ooYS1XyoQtpBQr9An+Oys3w39rkqxukVO3ZD1ilYJkWBGoRuadiQEm2LLJnCL2utV4TMSf52ubjw=="
    }
  }
}
